
Microsoft Visual Studio Solution File, Format Version 12.00
# Visual Studio Version 16
VisualStudioVersion = 16.0.30804.86
MinimumVisualStudioVersion = 10.0.40219.1
Project("{FAE04EC0-301F-11D3-BF4B-00C04F79EFBC}") = "PrjModule16", "PrjModule16\PrjModule16.csproj", "{4C818925-393E-4217-9331-ED8A71299C0F}"
EndProject
Project("{FAE04EC0-301F-11D3-BF4B-00C04F79EFBC}") = "FileRandomLib", "FileRandomLib\FileRandomLib.csproj", "{C8BDA6CD-A171-42AA-A35F-6BF2938E2A84}"
EndProject
Project("{FAE04EC0-301F-11D3-BF4B-00C04F79EFBC}") = "FileRandomLib.Tests", "FileRandomLib.Tests\FileRandomLib.Tests.csproj", "{E856C0E2-F1BB-4398-8FB7-CAADACF21545}"
EndProject
Global
	GlobalSection(SolutionConfigurationPlatforms) = preSolution
		Debug|Any CPU = Debug|Any CPU
		Release|Any CPU = Release|Any CPU
	EndGlobalSection
	GlobalSection(ProjectConfigurationPlatforms) = postSolution
		{4C818925-393E-4217-9331-ED8A71299C0F}.Debug|Any CPU.ActiveCfg = Debug|Any CPU
		{4C818925-393E-4217-9331-ED8A71299C0F}.Debug|Any CPU.Build.0 = Debug|Any CPU
		{4C818925-393E-4217-9331-ED8A71299C0F}.Release|Any CPU.ActiveCfg = Release|Any CPU
		{4C818925-393E-4217-9331-ED8A71299C0F}.Release|Any CPU.Build.0 = Release|Any CPU
		{C8BDA6CD-A171-42AA-A35F-6BF2938E2A84}.Debug|Any CPU.ActiveCfg = Debug|Any CPU
		{C8BDA6CD-A171-42AA-A35F-6BF2938E2A84}.Debug|Any CPU.Build.0 = Debug|Any CPU
		{C8BDA6CD-A171-42AA-A35F-6BF2938E2A84}.Release|Any CPU.ActiveCfg = Release|Any CPU
		{C8BDA6CD-A171-42AA-A35F-6BF2938E2A84}.Release|Any CPU.Build.0 = Release|Any CPU
		{E856C0E2-F1BB-4398-8FB7-CAADACF21545}.Debug|Any CPU.ActiveCfg = Debug|Any CPU
		{E856C0E2-F1BB-4398-8FB7-CAADACF21545}.Debug|Any CPU.Build.0 = Debug|Any CPU
		{E856C0E2-F1BB-4398-8FB7-CAADACF21545}.Release|Any CPU.ActiveCfg = Release|Any CPU
		{E856C0E2-F1BB-4398-8FB7-CAADACF21545}.Release|Any CPU.Build.0 = Release|Any CPU
	EndGlobalSection
	GlobalSection(SolutionProperties) = preSolution
		HideSolutionNode = FALSE
	EndGlobalSection
	GlobalSection(ExtensibilityGlobals) = postSolution
		SolutionGuid = {3CDD4BEC-6BB7-408A-89EC-52EB0944DF11}
	EndGlobalSection
EndGlobal
